<?xml version="1.0" encoding="utf-8"?>
<Project xmlns="http://schemas.microsoft.com/developer/msbuild/2003">
  <PropertyGroup>
    <ProjectGuid>{5E777436-6D6A-4C67-9149-96814B55A434}</ProjectGuid>
    <MainSource>LifecycleConsole.dpr</MainSource>
    <Base>true</Base>
    <Config Condition="'$(Config)'==''">Debug</Config>
    <Platform Condition="'$(Platform)'==''">Win32</Platform>
    <AppType>Console</AppType>
    <FrameworkType>None</FrameworkType>
    <ProjectVersion>20.1</ProjectVersion>
    <DCC_DcuOutput>.artifacts\$(Platform)\$(Config)</DCC_DcuOutput>
    <DCC_ExeOutput>.artifacts\$(Platform)\$(Config)</DCC_ExeOutput>
  </PropertyGroup>
  <PropertyGroup Condition="'$(Base)'!=''">
    <DCC_ConsoleTarget>true</DCC_ConsoleTarget>
    <DCC_Namespace>System;Xml;Data;Datasnap;Web;Soap;$(DCC_Namespace)</DCC_Namespace>
  </PropertyGroup>
  <PropertyGroup Condition="'$(Config)'=='Debug'">
    <DCC_Define>DEBUG;$(DCC_Define)</DCC_Define>
    <DCC_Optimize>false</DCC_Optimize>
  </PropertyGroup>
  <ItemGroup>
    <DCCReference Include="Lifecycle.Bridge.pas" />
    <DCCReference Include="Lifecycle.Effect.pas" />
    <DCCReference Include="Lifecycle.Consumer.pas" />
    <DCCReference Include="Lifecycle.Provider.pas" />
    <DCCReference Include="Lifecycle.Unused.pas" />
    <DelphiCompile Include="LifecycleConsole.dpr"><MainSource>MainSource</MainSource></DelphiCompile>
    <BuildConfiguration Include="Debug"><Key>Debug</Key></BuildConfiguration>
  </ItemGroup>
  <ProjectExtensions>
    <Borland.Personality>Delphi.Personality.12</Borland.Personality>
    <BorlandProject><Delphi.Personality><Source><Source Name="MainSource">LifecycleConsole.dpr</Source></Source></Delphi.Personality><Platforms><Platform value="Win32">True</Platform><Platform value="Win64">True</Platform></Platforms></BorlandProject>
    <ProjectFileVersion>12</ProjectFileVersion>
  </ProjectExtensions>
  <Import Project="$(BDS)\Bin\CodeGear.Delphi.Targets" Condition="Exists('$(BDS)\Bin\CodeGear.Delphi.Targets')" />
</Project>
